// !$*UTF8*$!
{
	archiveVersion = 1;
	classes = {
	};
	objectVersion = 46;
	objects = {

/* Begin PBXBuildFile section */
		A6235F211C65D12200C2E5E0 /* Reader.swift in Sources */ = {isa = PBXBuildFile; fileRef = A6235F201C65D12200C2E5E0 /* Reader.swift */; };
		A6235F231C65D13000C2E5E0 /* StoryHandler.swift in Sources */ = {isa = PBXBuildFile; fileRef = A6235F221C65D13000C2E5E0 /* StoryHandler.swift */; };
		A6426A5A1C619C7E00B002E7 /* ContentTableViewCell.swift in Sources */ = {isa = PBXBuildFile; fileRef = A6426A591C619C7E00B002E7 /* ContentTableViewCell.swift */; };
		A6426A5C1C619C9D00B002E7 /* DecisionTableViewCell.swift in Sources */ = {isa = PBXBuildFile; fileRef = A6426A5B1C619C9D00B002E7 /* DecisionTableViewCell.swift */; };
		A6655C761C6003AE0009D8FF /* AppDelegate.swift in Sources */ = {isa = PBXBuildFile; fileRef = A6655C751C6003AE0009D8FF /* AppDelegate.swift */; };
		A6655C781C6003AE0009D8FF /* ViewController.swift in Sources */ = {isa = PBXBuildFile; fileRef = A6655C771C6003AE0009D8FF /* ViewController.swift */; };
		A6655C7D1C6003AE0009D8FF /* Assets.xcassets in Resources */ = {isa = PBXBuildFile; fileRef = A6655C7C1C6003AE0009D8FF /* Assets.xcassets */; };
		A6655C801C6003AE0009D8FF /* LaunchScreen.storyboard in Resources */ = {isa = PBXBuildFile; fileRef = A6655C7E1C6003AE0009D8FF /* LaunchScreen.storyboard */; };
		A6655C8B1C6003AE0009D8FF /* iMediciTests.swift in Sources */ = {isa = PBXBuildFile; fileRef = A6655C8A1C6003AE0009D8FF /* iMediciTests.swift */; };
		A6655C961C6003AE0009D8FF /* iMediciUITests.swift in Sources */ = {isa = PBXBuildFile; fileRef = A6655C951C6003AE0009D8FF /* iMediciUITests.swift */; };
		A693A5AC1C79695900B84628 /* Main.swift in Sources */ = {isa = PBXBuildFile; fileRef = A693A5AB1C79695900B84628 /* Main.swift */; };
		A694D3E71C6548A800DC91A8 /* ChoiceTree.txt in Resources */ = {isa = PBXBuildFile; fileRef = A694D3E61C6548A800DC91A8 /* ChoiceTree.txt */; };
		A694D3E91C65498600DC91A8 /* ChoiceContent.txt in Resources */ = {isa = PBXBuildFile; fileRef = A694D3E81C65498600DC91A8 /* ChoiceContent.txt */; };
		A694D3EC1C654AEC00DC91A8 /* Choice.swift in Sources */ = {isa = PBXBuildFile; fileRef = A694D3EB1C654AEC00DC91A8 /* Choice.swift */; };
		A694D3EE1C654C4800DC91A8 /* Decision.swift in Sources */ = {isa = PBXBuildFile; fileRef = A694D3ED1C654C4800DC91A8 /* Decision.swift */; };
		A6959EDF1C6D374300284EB0 /* Content.swift in Sources */ = {isa = PBXBuildFile; fileRef = A6959EDE1C6D374300284EB0 /* Content.swift */; };
		A69DC3841C91169100869A28 /* GradientTextView.swift in Sources */ = {isa = PBXBuildFile; fileRef = A69DC3831C91169100869A28 /* GradientTextView.swift */; };
		A69DC3861C91175900869A28 /* QuartzCore.framework in Frameworks */ = {isa = PBXBuildFile; fileRef = A69DC3851C91175900869A28 /* QuartzCore.framework */; };
		A69DC3881C911AFB00869A28 /* GradientView.swift in Sources */ = {isa = PBXBuildFile; fileRef = A69DC3871C911AFB00869A28 /* GradientView.swift */; };
		A69DC38A1C911BE400869A28 /* MainViewController.swift in Sources */ = {isa = PBXBuildFile; fileRef = A69DC3891C911BE400869A28 /* MainViewController.swift */; };
		A6BFBD611C6A83EF00590E9A /* StreamReader.swift in Sources */ = {isa = PBXBuildFile; fileRef = A6BFBD601C6A83EF00590E9A /* StreamReader.swift */; };
		A6BFBD631C6A8F3A00590E9A /* Extensions.swift in Sources */ = {isa = PBXBuildFile; fileRef = A6BFBD621C6A8F3A00590E9A /* Extensions.swift */; };
		A6C5E8E31C8F6AF7002FA77F /* SingleChoiceDecisionTableViewCell.swift in Sources */ = {isa = PBXBuildFile; fileRef = A6C5E8E11C8F6AF7002FA77F /* SingleChoiceDecisionTableViewCell.swift */; };
		A6C5E8E41C8F6AF7002FA77F /* SingleChoiceDecisionTableViewCell.xib in Resources */ = {isa = PBXBuildFile; fileRef = A6C5E8E21C8F6AF7002FA77F /* SingleChoiceDecisionTableViewCell.xib */; };
		A6C5E8E61C8F74F6002FA77F /* Main.storyboard in Resources */ = {isa = PBXBuildFile; fileRef = A6C5E8E51C8F74F6002FA77F /* Main.storyboard */; };
/* End PBXBuildFile section */

/* Begin PBXContainerItemProxy section */
		A6655C871C6003AE0009D8FF /* PBXContainerItemProxy */ = {
			isa = PBXContainerItemProxy;
			containerPortal = A6655C6A1C6003AE0009D8FF /* Project object */;
			proxyType = 1;
			remoteGlobalIDString = A6655C711C6003AE0009D8FF;
			remoteInfo = iMedici;
		};
		A6655C921C6003AE0009D8FF /* PBXContainerItemProxy */ = {
			isa = PBXContainerItemProxy;
			containerPortal = A6655C6A1C6003AE0009D8FF /* Project object */;
			proxyType = 1;
			remoteGlobalIDString = A6655C711C6003AE0009D8FF;
			remoteInfo = iMedici;
		};
/* End PBXContainerItemProxy section */

/* Begin PBXFileReference section */
		A6235F201C65D12200C2E5E0 /* Reader.swift */ = {isa = PBXFileReference; fileEncoding = 4; lastKnownFileType = sourcecode.swift; path = Reader.swift; sourceTree = "<group>"; };
		A6235F221C65D13000C2E5E0 /* StoryHandler.swift */ = {isa = PBXFileReference; fileEncoding = 4; lastKnownFileType = sourcecode.swift; path = StoryHandler.swift; sourceTree = "<group>"; };
		A6426A591C619C7E00B002E7 /* ContentTableViewCell.swift */ = {isa = PBXFileReference; fileEncoding = 4; lastKnownFileType = sourcecode.swift; path = ContentTableViewCell.swift; sourceTree = "<group>"; };
		A6426A5B1C619C9D00B002E7 /* DecisionTableViewCell.swift */ = {isa = PBXFileReference; fileEncoding = 4; lastKnownFileType = sourcecode.swift; path = DecisionTableViewCell.swift; sourceTree = "<group>"; };
		A6655C721C6003AE0009D8FF /* iMedici.app */ = {isa = PBXFileReference; explicitFileType = wrapper.application; includeInIndex = 0; path = iMedici.app; sourceTree = BUILT_PRODUCTS_DIR; };
		A6655C751C6003AE0009D8FF /* AppDelegate.swift */ = {isa = PBXFileReference; lastKnownFileType = sourcecode.swift; path = AppDelegate.swift; sourceTree = "<group>"; };
		A6655C771C6003AE0009D8FF /* ViewController.swift */ = {isa = PBXFileReference; lastKnownFileType = sourcecode.swift; path = ViewController.swift; sourceTree = "<group>"; };
		A6655C7C1C6003AE0009D8FF /* Assets.xcassets */ = {isa = PBXFileReference; lastKnownFileType = folder.assetcatalog; path = Assets.xcassets; sourceTree = "<group>"; };
		A6655C7F1C6003AE0009D8FF /* Base */ = {isa = PBXFileReference; lastKnownFileType = file.storyboard; name = Base; path = Base.lproj/LaunchScreen.storyboard; sourceTree = "<group>"; };
		A6655C811C6003AE0009D8FF /* Info.plist */ = {isa = PBXFileReference; lastKnownFileType = text.plist.xml; path = Info.plist; sourceTree = "<group>"; };
		A6655C861C6003AE0009D8FF /* iMediciTests.xctest */ = {isa = PBXFileReference; explicitFileType = wrapper.cfbundle; includeInIndex = 0; path = iMediciTests.xctest; sourceTree = BUILT_PRODUCTS_DIR; };
		A6655C8A1C6003AE0009D8FF /* iMediciTests.swift */ = {isa = PBXFileReference; lastKnownFileType = sourcecode.swift; path = iMediciTests.swift; sourceTree = "<group>"; };
		A6655C8C1C6003AE0009D8FF /* Info.plist */ = {isa = PBXFileReference; lastKnownFileType = text.plist.xml; path = Info.plist; sourceTree = "<group>"; };
		A6655C911C6003AE0009D8FF /* iMediciUITests.xctest */ = {isa = PBXFileReference; explicitFileType = wrapper.cfbundle; includeInIndex = 0; path = iMediciUITests.xctest; sourceTree = BUILT_PRODUCTS_DIR; };
		A6655C951C6003AE0009D8FF /* iMediciUITests.swift */ = {isa = PBXFileReference; lastKnownFileType = sourcecode.swift; path = iMediciUITests.swift; sourceTree = "<group>"; };
		A6655C971C6003AE0009D8FF /* Info.plist */ = {isa = PBXFileReference; lastKnownFileType = text.plist.xml; path = Info.plist; sourceTree = "<group>"; };
		A693A5AB1C79695900B84628 /* Main.swift */ = {isa = PBXFileReference; fileEncoding = 4; lastKnownFileType = sourcecode.swift; path = Main.swift; sourceTree = "<group>"; };
		A694D3E61C6548A800DC91A8 /* ChoiceTree.txt */ = {isa = PBXFileReference; fileEncoding = 4; lastKnownFileType = text; path = ChoiceTree.txt; sourceTree = "<group>"; };
		A694D3E81C65498600DC91A8 /* ChoiceContent.txt */ = {isa = PBXFileReference; fileEncoding = 4; lastKnownFileType = text; path = ChoiceContent.txt; sourceTree = "<group>"; };
		A694D3EB1C654AEC00DC91A8 /* Choice.swift */ = {isa = PBXFileReference; fileEncoding = 4; lastKnownFileType = sourcecode.swift; path = Choice.swift; sourceTree = "<group>"; };
		A694D3ED1C654C4800DC91A8 /* Decision.swift */ = {isa = PBXFileReference; fileEncoding = 4; lastKnownFileType = sourcecode.swift; path = Decision.swift; sourceTree = "<group>"; };
		A6959EDE1C6D374300284EB0 /* Content.swift */ = {isa = PBXFileReference; fileEncoding = 4; lastKnownFileType = sourcecode.swift; path = Content.swift; sourceTree = "<group>"; };
		A69DC3831C91169100869A28 /* GradientTextView.swift */ = {isa = PBXFileReference; fileEncoding = 4; lastKnownFileType = sourcecode.swift; path = GradientTextView.swift; sourceTree = "<group>"; };
		A69DC3851C91175900869A28 /* QuartzCore.framework */ = {isa = PBXFileReference; lastKnownFileType = wrapper.framework; name = QuartzCore.framework; path = System/Library/Frameworks/QuartzCore.framework; sourceTree = SDKROOT; };
		A69DC3871C911AFB00869A28 /* GradientView.swift */ = {isa = PBXFileReference; fileEncoding = 4; lastKnownFileType = sourcecode.swift; path = GradientView.swift; sourceTree = "<group>"; };
		A69DC3891C911BE400869A28 /* MainViewController.swift */ = {isa = PBXFileReference; fileEncoding = 4; lastKnownFileType = sourcecode.swift; path = MainViewController.swift; sourceTree = "<group>"; };
		A6BFBD601C6A83EF00590E9A /* StreamReader.swift */ = {isa = PBXFileReference; fileEncoding = 4; lastKnownFileType = sourcecode.swift; path = StreamReader.swift; sourceTree = "<group>"; };
		A6BFBD621C6A8F3A00590E9A /* Extensions.swift */ = {isa = PBXFileReference; fileEncoding = 4; lastKnownFileType = sourcecode.swift; path = Extensions.swift; sourceTree = "<group>"; };
		A6C5E8E11C8F6AF7002FA77F /* SingleChoiceDecisionTableViewCell.swift */ = {isa = PBXFileReference; fileEncoding = 4; lastKnownFileType = sourcecode.swift; name = SingleChoiceDecisionTableViewCell.swift; path = ../SingleChoiceDecisionTableViewCell.swift; sourceTree = "<group>"; };
		A6C5E8E21C8F6AF7002FA77F /* SingleChoiceDecisionTableViewCell.xib */ = {isa = PBXFileReference; fileEncoding = 4; lastKnownFileType = file.xib; name = SingleChoiceDecisionTableViewCell.xib; path = ../SingleChoiceDecisionTableViewCell.xib; sourceTree = "<group>"; };
		A6C5E8E51C8F74F6002FA77F /* Main.storyboard */ = {isa = PBXFileReference; fileEncoding = 4; lastKnownFileType = file.storyboard; path = Main.storyboard; sourceTree = "<group>"; };
/* End PBXFileReference section */

/* Begin PBXFrameworksBuildPhase section */
		A6655C6F1C6003AE0009D8FF /* Frameworks */ = {
			isa = PBXFrameworksBuildPhase;
			buildActionMask = 2147483647;
			files = (
				A69DC3861C91175900869A28 /* QuartzCore.framework in Frameworks */,
			);
			runOnlyForDeploymentPostprocessing = 0;
		};
		A6655C831C6003AE0009D8FF /* Frameworks */ = {
			isa = PBXFrameworksBuildPhase;
			buildActionMask = 2147483647;
			files = (
			);
			runOnlyForDeploymentPostprocessing = 0;
		};
		A6655C8E1C6003AE0009D8FF /* Frameworks */ = {
			isa = PBXFrameworksBuildPhase;
			buildActionMask = 2147483647;
			files = (
			);
			runOnlyForDeploymentPostprocessing = 0;
		};
/* End PBXFrameworksBuildPhase section */

/* Begin PBXGroup section */
		A6426A561C619C5300B002E7 /* Code */ = {
			isa = PBXGroup;
			children = (
				A6D95BAF1C63FCD600885725 /* Logic */,
				A6426A571C619C5700B002E7 /* UI */,
			);
			name = Code;
			sourceTree = "<group>";
		};
		A6426A571C619C5700B002E7 /* UI */ = {
			isa = PBXGroup;
			children = (
				A6D95BB11C63FD4C00885725 /* Storyboards */,
				A6D95BAE1C63FCC900885725 /* ViewControllers */,
				A6426A581C619C5A00B002E7 /* TableViewCells */,
				A69DC3831C91169100869A28 /* GradientTextView.swift */,
				A69DC3871C911AFB00869A28 /* GradientView.swift */,
			);
			name = UI;
			sourceTree = "<group>";
		};
		A6426A581C619C5A00B002E7 /* TableViewCells */ = {
			isa = PBXGroup;
			children = (
				A6C5E8E11C8F6AF7002FA77F /* SingleChoiceDecisionTableViewCell.swift */,
				A6C5E8E21C8F6AF7002FA77F /* SingleChoiceDecisionTableViewCell.xib */,
				A6426A591C619C7E00B002E7 /* ContentTableViewCell.swift */,
				A6426A5B1C619C9D00B002E7 /* DecisionTableViewCell.swift */,
			);
			name = TableViewCells;
			sourceTree = "<group>";
		};
		A6655C691C6003AE0009D8FF = {
			isa = PBXGroup;
			children = (
				A69DC3851C91175900869A28 /* QuartzCore.framework */,
				A6655C741C6003AE0009D8FF /* iMedici */,
				A6655C891C6003AE0009D8FF /* iMediciTests */,
				A6655C941C6003AE0009D8FF /* iMediciUITests */,
				A6655C731C6003AE0009D8FF /* Products */,
			);
			sourceTree = "<group>";
		};
		A6655C731C6003AE0009D8FF /* Products */ = {
			isa = PBXGroup;
			children = (
				A6655C721C6003AE0009D8FF /* iMedici.app */,
				A6655C861C6003AE0009D8FF /* iMediciTests.xctest */,
				A6655C911C6003AE0009D8FF /* iMediciUITests.xctest */,
			);
			name = Products;
			sourceTree = "<group>";
		};
		A6655C741C6003AE0009D8FF /* iMedici */ = {
			isa = PBXGroup;
			children = (
				A6D95BAB1C63F80400885725 /* Story */,
				A6426A561C619C5300B002E7 /* Code */,
				A6655C7C1C6003AE0009D8FF /* Assets.xcassets */,
				A6655C811C6003AE0009D8FF /* Info.plist */,
			);
			path = iMedici;
			sourceTree = "<group>";
		};
		A6655C891C6003AE0009D8FF /* iMediciTests */ = {
			isa = PBXGroup;
			children = (
				A6655C8A1C6003AE0009D8FF /* iMediciTests.swift */,
				A6655C8C1C6003AE0009D8FF /* Info.plist */,
			);
			path = iMediciTests;
			sourceTree = "<group>";
		};
		A6655C941C6003AE0009D8FF /* iMediciUITests */ = {
			isa = PBXGroup;
			children = (
				A6655C951C6003AE0009D8FF /* iMediciUITests.swift */,
				A6655C971C6003AE0009D8FF /* Info.plist */,
			);
			path = iMediciUITests;
			sourceTree = "<group>";
		};
		A694D3EA1C654AE300DC91A8 /* Core */ = {
			isa = PBXGroup;
			children = (
				A694D3EB1C654AEC00DC91A8 /* Choice.swift */,
				A694D3ED1C654C4800DC91A8 /* Decision.swift */,
				A6235F201C65D12200C2E5E0 /* Reader.swift */,
				A6235F221C65D13000C2E5E0 /* StoryHandler.swift */,
				A6959EDE1C6D374300284EB0 /* Content.swift */,
			);
			name = Core;
			sourceTree = "<group>";
		};
		A6BFBD5F1C6A83E600590E9A /* FileIO */ = {
			isa = PBXGroup;
			children = (
				A6BFBD601C6A83EF00590E9A /* StreamReader.swift */,
				A6BFBD621C6A8F3A00590E9A /* Extensions.swift */,
			);
			name = FileIO;
			sourceTree = "<group>";
		};
		A6D95BAB1C63F80400885725 /* Story */ = {
			isa = PBXGroup;
			children = (
				A694D3E61C6548A800DC91A8 /* ChoiceTree.txt */,
				A694D3E81C65498600DC91A8 /* ChoiceContent.txt */,
			);
			name = Story;
			sourceTree = "<group>";
		};
		A6D95BAE1C63FCC900885725 /* ViewControllers */ = {
			isa = PBXGroup;
			children = (
				A6655C771C6003AE0009D8FF /* ViewController.swift */,
				A69DC3891C911BE400869A28 /* MainViewController.swift */,
			);
			name = ViewControllers;
			sourceTree = "<group>";
		};
		A6D95BAF1C63FCD600885725 /* Logic */ = {
			isa = PBXGroup;
			children = (
				A6BFBD5F1C6A83E600590E9A /* FileIO */,
				A694D3EA1C654AE300DC91A8 /* Core */,
				A6655C751C6003AE0009D8FF /* AppDelegate.swift */,
				A693A5AB1C79695900B84628 /* Main.swift */,
			);
			name = Logic;
			sourceTree = "<group>";
		};
		A6D95BB11C63FD4C00885725 /* Storyboards */ = {
			isa = PBXGroup;
			children = (
				A6655C7E1C6003AE0009D8FF /* LaunchScreen.storyboard */,
				A6C5E8E51C8F74F6002FA77F /* Main.storyboard */,
			);
			name = Storyboards;
			sourceTree = "<group>";
		};
/* End PBXGroup section */

/* Begin PBXNativeTarget section */
		A6655C711C6003AE0009D8FF /* iMedici */ = {
			isa = PBXNativeTarget;
			buildConfigurationList = A6655C9A1C6003AE0009D8FF /* Build configuration list for PBXNativeTarget "iMedici" */;
			buildPhases = (
				A6655C6E1C6003AE0009D8FF /* Sources */,
				A6655C6F1C6003AE0009D8FF /* Frameworks */,
				A6655C701C6003AE0009D8FF /* Resources */,
			);
			buildRules = (
			);
			dependencies = (
			);
			name = iMedici;
			productName = iMedici;
			productReference = A6655C721C6003AE0009D8FF /* iMedici.app */;
			productType = "com.apple.product-type.application";
		};
		A6655C851C6003AE0009D8FF /* iMediciTests */ = {
			isa = PBXNativeTarget;
			buildConfigurationList = A6655C9D1C6003AE0009D8FF /* Build configuration list for PBXNativeTarget "iMediciTests" */;
			buildPhases = (
				A6655C821C6003AE0009D8FF /* Sources */,
				A6655C831C6003AE0009D8FF /* Frameworks */,
				A6655C841C6003AE0009D8FF /* Resources */,
			);
			buildRules = (
			);
			dependencies = (
				A6655C881C6003AE0009D8FF /* PBXTargetDependency */,
			);
			name = iMediciTests;
			productName = iMediciTests;
			productReference = A6655C861C6003AE0009D8FF /* iMediciTests.xctest */;
			productType = "com.apple.product-type.bundle.unit-test";
		};
		A6655C901C6003AE0009D8FF /* iMediciUITests */ = {
			isa = PBXNativeTarget;
			buildConfigurationList = A6655CA01C6003AE0009D8FF /* Build configuration list for PBXNativeTarget "iMediciUITests" */;
			buildPhases = (
				A6655C8D1C6003AE0009D8FF /* Sources */,
				A6655C8E1C6003AE0009D8FF /* Frameworks */,
				A6655C8F1C6003AE0009D8FF /* Resources */,
			);
			buildRules = (
			);
			dependencies = (
				A6655C931C6003AE0009D8FF /* PBXTargetDependency */,
			);
			name = iMediciUITests;
			productName = iMediciUITests;
			productReference = A6655C911C6003AE0009D8FF /* iMediciUITests.xctest */;
			productType = "com.apple.product-type.bundle.ui-testing";
		};
/* End PBXNativeTarget section */

/* Begin PBXProject section */
		A6655C6A1C6003AE0009D8FF /* Project object */ = {
			isa = PBXProject;
			attributes = {
				LastSwiftUpdateCheck = 0720;
				LastUpgradeCheck = 0720;
				ORGANIZATIONNAME = "Shah Industries";
				TargetAttributes = {
					A6655C711C6003AE0009D8FF = {
						CreatedOnToolsVersion = 7.2;
					};
					A6655C851C6003AE0009D8FF = {
						CreatedOnToolsVersion = 7.2;
						TestTargetID = A6655C711C6003AE0009D8FF;
					};
					A6655C901C6003AE0009D8FF = {
						CreatedOnToolsVersion = 7.2;
						TestTargetID = A6655C711C6003AE0009D8FF;
					};
				};
			};
			buildConfigurationList = A6655C6D1C6003AE0009D8FF /* Build configuration list for PBXProject "iMedici" */;
			compatibilityVersion = "Xcode 3.2";
			developmentRegion = English;
			hasScannedForEncodings = 0;
			knownRegions = (
				en,
				Base,
			);
			mainGroup = A6655C691C6003AE0009D8FF;
			productRefGroup = A6655C731C6003AE0009D8FF /* Products */;
			projectDirPath = "";
			projectRoot = "";
			targets = (
				A6655C711C6003AE0009D8FF /* iMedici */,
				A6655C851C6003AE0009D8FF /* iMediciTests */,
				A6655C901C6003AE0009D8FF /* iMediciUITests */,
			);
		};
/* End PBXProject section */

/* Begin PBXResourcesBuildPhase section */
		A6655C701C6003AE0009D8FF /* Resources */ = {
			isa = PBXResourcesBuildPhase;
			buildActionMask = 2147483647;
			files = (
				A6655C801C6003AE0009D8FF /* LaunchScreen.storyboard in Resources */,
				A6655C7D1C6003AE0009D8FF /* Assets.xcassets in Resources */,
				A6C5E8E41C8F6AF7002FA77F /* SingleChoiceDecisionTableViewCell.xib in Resources */,
				A6C5E8E61C8F74F6002FA77F /* Main.storyboard in Resources */,
				A694D3E91C65498600DC91A8 /* ChoiceContent.txt in Resources */,
				A694D3E71C6548A800DC91A8 /* ChoiceTree.txt in Resources */,
			);
			runOnlyForDeploymentPostprocessing = 0;
		};
		A6655C841C6003AE0009D8FF /* Resources */ = {
			isa = PBXResourcesBuildPhase;
			buildActionMask = 2147483647;
			files = (
			);
			runOnlyForDeploymentPostprocessing = 0;
		};
		A6655C8F1C6003AE0009D8FF /* Resources */ = {
			isa = PBXResourcesBuildPhase;
			buildActionMask = 2147483647;
			files = (
			);
			runOnlyForDeploymentPostprocessing = 0;
		};
/* End PBXResourcesBuildPhase section */

/* Begin PBXSourcesBuildPhase section */
		A6655C6E1C6003AE0009D8FF /* Sources */ = {
			isa = PBXSourcesBuildPhase;
			buildActionMask = 2147483647;
			files = (
				A6235F211C65D12200C2E5E0 /* Reader.swift in Sources */,
				A6655C781C6003AE0009D8FF /* ViewController.swift in Sources */,
				A69DC3881C911AFB00869A28 /* GradientView.swift in Sources */,
				A694D3EC1C654AEC00DC91A8 /* Choice.swift in Sources */,
				A6959EDF1C6D374300284EB0 /* Content.swift in Sources */,
				A6BFBD611C6A83EF00590E9A /* StreamReader.swift in Sources */,
				A6655C761C6003AE0009D8FF /* AppDelegate.swift in Sources */,
				A69DC38A1C911BE400869A28 /* MainViewController.swift in Sources */,
				A693A5AC1C79695900B84628 /* Main.swift in Sources */,
				A6BFBD631C6A8F3A00590E9A /* Extensions.swift in Sources */,
				A6C5E8E31C8F6AF7002FA77F /* SingleChoiceDecisionTableViewCell.swift in Sources */,
				A6235F231C65D13000C2E5E0 /* StoryHandler.swift in Sources */,
				A6426A5A1C619C7E00B002E7 /* ContentTableViewCell.swift in Sources */,
				A6426A5C1C619C9D00B002E7 /* DecisionTableViewCell.swift in Sources */,
				A694D3EE1C654C4800DC91A8 /* Decision.swift in Sources */,
				A69DC3841C91169100869A28 /* GradientTextView.swift in Sources */,
			);
			runOnlyForDeploymentPostprocessing = 0;
		};
		A6655C821C6003AE0009D8FF /* Sources */ = {
			isa = PBXSourcesBuildPhase;
			buildActionMask = 2147483647;
			files = (
				A6655C8B1C6003AE0009D8FF /* iMediciTests.swift in Sources */,
			);
			runOnlyForDeploymentPostprocessing = 0;
		};
		A6655C8D1C6003AE0009D8FF /* Sources */ = {
			isa = PBXSourcesBuildPhase;
			buildActionMask = 2147483647;
			files = (
				A6655C961C6003AE0009D8FF /* iMediciUITests.swift in Sources */,
			);
			runOnlyForDeploymentPostprocessing = 0;
		};
/* End PBXSourcesBuildPhase section */

/* Begin PBXTargetDependency section */
		A6655C881C6003AE0009D8FF /* PBXTargetDependency */ = {
			isa = PBXTargetDependency;
			target = A6655C711C6003AE0009D8FF /* iMedici */;
			targetProxy = A6655C871C6003AE0009D8FF /* PBXContainerItemProxy */;
		};
		A6655C931C6003AE0009D8FF /* PBXTargetDependency */ = {
			isa = PBXTargetDependency;
			target = A6655C711C6003AE0009D8FF /* iMedici */;
			targetProxy = A6655C921C6003AE0009D8FF /* PBXContainerItemProxy */;
		};
/* End PBXTargetDependency section */

/* Begin PBXVariantGroup section */
		A6655C7E1C6003AE0009D8FF /* LaunchScreen.storyboard */ = {
			isa = PBXVariantGroup;
			children = (
				A6655C7F1C6003AE0009D8FF /* Base */,
			);
			name = LaunchScreen.storyboard;
			sourceTree = "<group>";
		};
/* End PBXVariantGroup section */

/* Begin XCBuildConfiguration section */
		A6655C981C6003AE0009D8FF /* Debug */ = {
			isa = XCBuildConfiguration;
			buildSettings = {
				ALWAYS_SEARCH_USER_PATHS = NO;
				CLANG_CXX_LANGUAGE_STANDARD = "gnu++0x";
				CLANG_CXX_LIBRARY = "libc++";
				CLANG_ENABLE_MODULES = YES;
				CLANG_ENABLE_OBJC_ARC = YES;
				CLANG_WARN_BOOL_CONVERSION = YES;
				CLANG_WARN_CONSTANT_CONVERSION = YES;
				CLANG_WARN_DIRECT_OBJC_ISA_USAGE = YES_ERROR;
				CLANG_WARN_EMPTY_BODY = YES;
				CLANG_WARN_ENUM_CONVERSION = YES;
				CLANG_WARN_INT_CONVERSION = YES;
				CLANG_WARN_OBJC_ROOT_CLASS = YES_ERROR;
				CLANG_WARN_UNREACHABLE_CODE = YES;
				CLANG_WARN__DUPLICATE_METHOD_MATCH = YES;
				"CODE_SIGN_IDENTITY[sdk=iphoneos*]" = "iPhone Developer";
				COPY_PHASE_STRIP = NO;
				DEBUG_INFORMATION_FORMAT = dwarf;
				ENABLE_STRICT_OBJC_MSGSEND = YES;
				ENABLE_TESTABILITY = YES;
				GCC_C_LANGUAGE_STANDARD = gnu99;
				GCC_DYNAMIC_NO_PIC = NO;
				GCC_NO_COMMON_BLOCKS = YES;
				GCC_OPTIMIZATION_LEVEL = 0;
				GCC_PREPROCESSOR_DEFINITIONS = (
					"DEBUG=1",
					"$(inherited)",
				);
				GCC_WARN_64_TO_32_BIT_CONVERSION = YES;
				GCC_WARN_ABOUT_RETURN_TYPE = YES_ERROR;
				GCC_WARN_UNDECLARED_SELECTOR = YES;
				GCC_WARN_UNINITIALIZED_AUTOS = YES_AGGRESSIVE;
				GCC_WARN_UNUSED_FUNCTION = YES;
				GCC_WARN_UNUSED_VARIABLE = YES;
				IPHONEOS_DEPLOYMENT_TARGET = 9.2;
				MTL_ENABLE_DEBUG_INFO = YES;
				ONLY_ACTIVE_ARCH = YES;
				SDKROOT = iphoneos;
				SWIFT_OPTIMIZATION_LEVEL = "-Onone";
			};
			name = Debug;
		};
		A6655C991C6003AE0009D8FF /* Release */ = {
			isa = XCBuildConfiguration;
			buildSettings = {
				ALWAYS_SEARCH_USER_PATHS = NO;
				CLANG_CXX_LANGUAGE_STANDARD = "gnu++0x";
				CLANG_CXX_LIBRARY = "libc++";
				CLANG_ENABLE_MODULES = YES;
				CLANG_ENABLE_OBJC_ARC = YES;
				CLANG_WARN_BOOL_CONVERSION = YES;
				CLANG_WARN_CONSTANT_CONVERSION = YES;
				CLANG_WARN_DIRECT_OBJC_ISA_USAGE = YES_ERROR;
				CLANG_WARN_EMPTY_BODY = YES;
				CLANG_WARN_ENUM_CONVERSION = YES;
				CLANG_WARN_INT_CONVERSION = YES;
				CLANG_WARN_OBJC_ROOT_CLASS = YES_ERROR;
				CLANG_WARN_UNREACHABLE_CODE = YES;
				CLANG_WARN__DUPLICATE_METHOD_MATCH = YES;
				"CODE_SIGN_IDENTITY[sdk=iphoneos*]" = "iPhone Developer";
				COPY_PHASE_STRIP = NO;
				DEBUG_INFORMATION_FORMAT = "dwarf-with-dsym";
				ENABLE_NS_ASSERTIONS = NO;
				ENABLE_STRICT_OBJC_MSGSEND = YES;
				GCC_C_LANGUAGE_STANDARD = gnu99;
				GCC_NO_COMMON_BLOCKS = YES;
				GCC_WARN_64_TO_32_BIT_CONVERSION = YES;
				GCC_WARN_ABOUT_RETURN_TYPE = YES_ERROR;
				GCC_WARN_UNDECLARED_SELECTOR = YES;
				GCC_WARN_UNINITIALIZED_AUTOS = YES_AGGRESSIVE;
				GCC_WARN_UNUSED_FUNCTION = YES;
				GCC_WARN_UNUSED_VARIABLE = YES;
				IPHONEOS_DEPLOYMENT_TARGET = 9.2;
				MTL_ENABLE_DEBUG_INFO = NO;
				SDKROOT = iphoneos;
				VALIDATE_PRODUCT = YES;
			};
			name = Release;
		};
		A6655C9B1C6003AE0009D8FF /* Debug */ = {
			isa = XCBuildConfiguration;
			buildSettings = {
				ASSETCATALOG_COMPILER_APPICON_NAME = AppIcon;
				INFOPLIST_FILE = iMedici/Info.plist;
				LD_RUNPATH_SEARCH_PATHS = "$(inherited) @executable_path/Frameworks";
				PRODUCT_BUNDLE_IDENTIFIER = one.ShahIndustries.iMedici;
				PRODUCT_NAME = "$(TARGET_NAME)";
			};
			name = Debug;
		};
		A6655C9C1C6003AE0009D8FF /* Release */ = {
			isa = XCBuildConfiguration;
			buildSettings = {
				ASSETCATALOG_COMPILER_APPICON_NAME = AppIcon;
				INFOPLIST_FILE = iMedici/Info.plist;
				LD_RUNPATH_SEARCH_PATHS = "$(inherited) @executable_path/Frameworks";
				PRODUCT_BUNDLE_IDENTIFIER = one.ShahIndustries.iMedici;
				PRODUCT_NAME = "$(TARGET_NAME)";
			};
			name = Release;
		};
		A6655C9E1C6003AE0009D8FF /* Debug */ = {
			isa = XCBuildConfiguration;
			buildSettings = {
				BUNDLE_LOADER = "$(TEST_HOST)";
				INFOPLIST_FILE = iMediciTests/Info.plist;
				LD_RUNPATH_SEARCH_PATHS = "$(inherited) @executable_path/Frameworks @loader_path/Frameworks";
				PRODUCT_BUNDLE_IDENTIFIER = one.ShahIndustries.iMediciTests;
				PRODUCT_NAME = "$(TARGET_NAME)";
				TEST_HOST = "$(BUILT_PRODUCTS_DIR)/iMedici.app/iMedici";
			};
			name = Debug;
		};
		A6655C9F1C6003AE0009D8FF /* Release */ = {
			isa = XCBuildConfiguration;
			buildSettings = {
				BUNDLE_LOADER = "$(TEST_HOST)";
				INFOPLIST_FILE = iMediciTests/Info.plist;
				LD_RUNPATH_SEARCH_PATHS = "$(inherited) @executable_path/Frameworks @loader_path/Frameworks";
				PRODUCT_BUNDLE_IDENTIFIER = one.ShahIndustries.iMediciTests;
				PRODUCT_NAME = "$(TARGET_NAME)";
				TEST_HOST = "$(BUILT_PRODUCTS_DIR)/iMedici.app/iMedici";
			};
			name = Release;
		};
		A6655CA11C6003AE0009D8FF /* Debug */ = {
			isa = XCBuildConfiguration;
			buildSettings = {
				INFOPLIST_FILE = iMediciUITests/Info.plist;
				LD_RUNPATH_SEARCH_PATHS = "$(inherited) @executable_path/Frameworks @loader_path/Frameworks";
				PRODUCT_BUNDLE_IDENTIFIER = one.ShahIndustries.iMediciUITests;
				PRODUCT_NAME = "$(TARGET_NAME)";
				TEST_TARGET_NAME = iMedici;
				USES_XCTRUNNER = YES;
			};
			name = Debug;
		};
		A6655CA21C6003AE0009D8FF /* Release */ = {
			isa = XCBuildConfiguration;
			buildSettings = {
				INFOPLIST_FILE = iMediciUITests/Info.plist;
				LD_RUNPATH_SEARCH_PATHS = "$(inherited) @executable_path/Frameworks @loader_path/Frameworks";
				PRODUCT_BUNDLE_IDENTIFIER = one.ShahIndustries.iMediciUITests;
				PRODUCT_NAME = "$(TARGET_NAME)";
				TEST_TARGET_NAME = iMedici;
				USES_XCTRUNNER = YES;
			};
			name = Release;
		};
/* End XCBuildConfiguration section */

/* Begin XCConfigurationList section */
		A6655C6D1C6003AE0009D8FF /* Build configuration list for PBXProject "iMedici" */ = {
			isa = XCConfigurationList;
			buildConfigurations = (
				A6655C981C6003AE0009D8FF /* Debug */,
				A6655C991C6003AE0009D8FF /* Release */,
			);
			defaultConfigurationIsVisible = 0;
			defaultConfigurationName = Release;
		};
		A6655C9A1C6003AE0009D8FF /* Build configuration list for PBXNativeTarget "iMedici" */ = {
			isa = XCConfigurationList;
			buildConfigurations = (
				A6655C9B1C6003AE0009D8FF /* Debug */,
				A6655C9C1C6003AE0009D8FF /* Release */,
			);
			defaultConfigurationIsVisible = 0;
			defaultConfigurationName = Release;
		};
		A6655C9D1C6003AE0009D8FF /* Build configuration list for PBXNativeTarget "iMediciTests" */ = {
			isa = XCConfigurationList;
			buildConfigurations = (
				A6655C9E1C6003AE0009D8FF /* Debug */,
				A6655C9F1C6003AE0009D8FF /* Release */,
			);
			defaultConfigurationIsVisible = 0;
			defaultConfigurationName = Release;
		};
		A6655CA01C6003AE0009D8FF /* Build configuration list for PBXNativeTarget "iMediciUITests" */ = {
			isa = XCConfigurationList;
			buildConfigurations = (
				A6655CA11C6003AE0009D8FF /* Debug */,
				A6655CA21C6003AE0009D8FF /* Release */,
			);
			defaultConfigurationIsVisible = 0;
			defaultConfigurationName = Release;
		};
/* End XCConfigurationList section */
	};
	rootObject = A6655C6A1C6003AE0009D8FF /* Project object */;
}
